
Microsoft Visual Studio Solution File, Format Version 12.00
# Visual Studio Version 17
VisualStudioVersion = 17.4.33213.308
MinimumVisualStudioVersion = 10.0.40219.1
Project("{FAE04EC0-301F-11D3-BF4B-00C04F79EFBC}") = "TelegrabBotOpenAI", "TelegrabBotOpenAI\TelegrabBotOpenAI.csproj", "{C826DC10-AE01-425D-8D55-B87BADF22F30}"
EndProject
Global
	GlobalSection(SolutionConfigurationPlatforms) = preSolution
		Debug|Any CPU = Debug|Any CPU
		Release|Any CPU = Release|Any CPU
	EndGlobalSection
	GlobalSection(ProjectConfigurationPlatforms) = postSolution
		{C826DC10-AE01-425D-8D55-B87BADF22F30}.Debug|Any CPU.ActiveCfg = Debug|Any CPU
		{C826DC10-AE01-425D-8D55-B87BADF22F30}.Debug|Any CPU.Build.0 = Debug|Any CPU
		{C826DC10-AE01-425D-8D55-B87BADF22F30}.Release|Any CPU.ActiveCfg = Release|Any CPU
		{C826DC10-AE01-425D-8D55-B87BADF22F30}.Release|Any CPU.Build.0 = Release|Any CPU
	EndGlobalSection
	GlobalSection(SolutionProperties) = preSolution
		HideSolutionNode = FALSE
	EndGlobalSection
	GlobalSection(ExtensibilityGlobals) = postSolution
		SolutionGuid = {CCE1ABE5-E6E5-40A4-8294-71AF132DAF02}
	EndGlobalSection
EndGlobal
